
Microsoft Visual Studio Solution File, Format Version 12.00
# Visual Studio Version 16
VisualStudioVersion = 16.0.30611.23
MinimumVisualStudioVersion = 10.0.40219.1
Project("{FAE04EC0-301F-11D3-BF4B-00C04F79EFBC}") = "ColorsDB", "ColorsDB\ColorsDB.csproj", "{3E330ABA-8477-4A05-9B18-6EB8110CAAA7}"
EndProject
Global
	GlobalSection(SolutionConfigurationPlatforms) = preSolution
		Debug|Any CPU = Debug|Any CPU
		Release|Any CPU = Release|Any CPU
	EndGlobalSection
	GlobalSection(ProjectConfigurationPlatforms) = postSolution
		{3E330ABA-8477-4A05-9B18-6EB8110CAAA7}.Debug|Any CPU.ActiveCfg = Debug|Any CPU
		{3E330ABA-8477-4A05-9B18-6EB8110CAAA7}.Debug|Any CPU.Build.0 = Debug|Any CPU
		{3E330ABA-8477-4A05-9B18-6EB8110CAAA7}.Release|Any CPU.ActiveCfg = Release|Any CPU
		{3E330ABA-8477-4A05-9B18-6EB8110CAAA7}.Release|Any CPU.Build.0 = Release|Any CPU
	EndGlobalSection
	GlobalSection(SolutionProperties) = preSolution
		HideSolutionNode = FALSE
	EndGlobalSection
	GlobalSection(ExtensibilityGlobals) = postSolution
		SolutionGuid = {0A74708F-E53C-4D84-A5A2-369A8FB9C3CC}
	EndGlobalSection
EndGlobal
